Microsoft Visual Studio Solution File, Format Version 12.00
# Visual Studio Version 17
VisualStudioVersion = 17.5.2.0
MinimumVisualStudioVersion = 10.0.40219.1
Project("{FAE04EC0-301F-11D3-BF4B-00C04F79EFBC}") = "MotoRentalApp", "MotoRentalApp.csproj", "{5818245F-CEEE-F18E-1666-9F6F8C785113}"
EndProject
Global
	GlobalSection(SolutionConfigurationPlatforms) = preSolution
		Debug|Any CPU = Debug|Any CPU
		Release|Any CPU = Release|Any CPU
	EndGlobalSection
	GlobalSection(ProjectConfigurationPlatforms) = postSolution
		{5818245F-CEEE-F18E-1666-9F6F8C785113}.Debug|Any CPU.ActiveCfg = Debug|Any CPU
		{5818245F-CEEE-F18E-1666-9F6F8C785113}.Debug|Any CPU.Build.0 = Debug|Any CPU
		{5818245F-CEEE-F18E-1666-9F6F8C785113}.Release|Any CPU.ActiveCfg = Release|Any CPU
		{5818245F-CEEE-F18E-1666-9F6F8C785113}.Release|Any CPU.Build.0 = Release|Any CPU
	EndGlobalSection
	GlobalSection(SolutionProperties) = preSolution
		HideSolutionNode = FALSE
	EndGlobalSection
	GlobalSection(ExtensibilityGlobals) = postSolution
		SolutionGuid = {18EAD472-3F05-48DE-8472-463BDDA8F844}
	EndGlobalSection
EndGlobal
